# THIS IS AN AUTOGENERATED FILE. DO NOT EDIT THIS FILE DIRECTLY.
# yarn lockfile v1


"@bower_components/bootstrap-multiselect@davidstutz/bootstrap-multiselect#0.9.13":
  version "0.0.0"
  resolved "https://codeload.github.com/davidstutz/bootstrap-multiselect/tar.gz/6367ced04daafc054aeff51b2a903669eb0da214"

"@bower_components/bootstrap-toggle@minhur/bootstrap-toggle#^2.2.2":
  version "2.2.2"
  resolved "https://codeload.github.com/minhur/bootstrap-toggle/tar.gz/187e332b7431afe3d0c07eeef92782ce59a77d66"

"@bower_components/bootstrap@twbs/bootstrap#^3.3.6":
  version "3.4.1"
  resolved "https://codeload.github.com/twbs/bootstrap/tar.gz/68b0d231a13201eb14acd3dc84e51543d16e5f7e"

"@bower_components/font-awesome@FortAwesome/Font-Awesome#^4.5.0":
  version "4.7.0"
  resolved "https://codeload.github.com/FortAwesome/Font-Awesome/tar.gz/a8386aae19e200ddb0f6845b5feeee5eb7013687"

"@bower_components/jquery-ui@components/jqueryui#^1.11.4":
  version "1.12.1"
  resolved "https://codeload.github.com/components/jqueryui/tar.gz/44ecf3794cc56b65954cc19737234a3119d036cc"

"@bower_components/jquery@jquery/jquery-dist#^2.2.2":
  version "2.2.4"
  resolved "https://codeload.github.com/jquery/jquery-dist/tar.gz/c0185ab7c75aab88762c5aae780b9d83b80eda72"
