{
    "easycorp/easy-log-handler": {
        "version": "1.0",
        "recipe": {
            "repo": "github.com/symfony/recipes",
            "branch": "master",
            "version": "1.0",
            "ref": "70062abc2cd58794d2a90274502f81b55cd9951b"
        }
    },
    "monolog/monolog": {
        "version": "1.24.0"
    },
    "psr/cache": {
        "version": "1.0.1"
    },
    "psr/container": {
        "version": "1.0.0"
    },
    "psr/log": {
        "version": "1.1.0"
    },
    "psr/simple-cache": {
        "version": "1.0.1"
    },
    "symfony/cache": {
        "version": "v4.2.1"
    },
    "symfony/config": {
        "version": "v4.2.1"
    },
    "symfony/console": {
        "version": "3.3",
        "recipe": {
            "repo": "github.com/symfony/recipes",
            "branch": "master",
            "version": "3.3",
            "ref": "f3a28efb32f20b8740fd763651cabd780bce43da"
        }
    },
    "symfony/contracts": {
        "version": "v1.0.2"
    },
    "symfony/debug": {
        "version": "v4.2.1"
    },
    "symfony/debug-bundle": {
        "version": "4.1",
        "recipe": {
            "repo": "github.com/symfony/recipes",
            "branch": "master",
            "version": "4.1",
            "ref": "f8863cbad2f2e58c4b65fa1eac892ab189971bea"
        }
    },
    "symfony/debug-pack": {
        "version": "v1.0.7"
    },
    "symfony/dependency-injection": {
        "version": "v4.2.1"
    },
    "symfony/dotenv": {
        "version": "v4.2.1"
    },
    "symfony/event-dispatcher": {
        "version": "v4.2.1"
    },
    "symfony/filesystem": {
        "version": "v4.2.1"
    },
    "symfony/finder": {
        "version": "v4.2.1"
    },
    "symfony/flex": {
        "version": "1.0",
        "recipe": {
            "repo": "github.com/symfony/recipes",
            "branch": "master",
            "version": "1.0",
            "ref": "5f8a51c0fad684396f6b6c0fd770e043439cb632"
        }
    },
    "symfony/framework-bundle": {
        "version": "4.2",
        "recipe": {
            "repo": "github.com/symfony/recipes",
            "branch": "master",
            "version": "4.2",
            "ref": "82e2278ff2a74a97837e84c2493c30e7a85ad299"
        }
    },
    "symfony/http-foundation": {
        "version": "v4.2.1"
    },
    "symfony/http-kernel": {
        "version": "v4.2.1"
    },
    "symfony/monolog-bridge": {
        "version": "v4.2.1"
    },
    "symfony/monolog-bundle": {
        "version": "3.1",
        "recipe": {
            "repo": "github.com/symfony/recipes",
            "branch": "master",
            "version": "3.1",
            "ref": "18ebf5a940573a20de06f9c4060101eeb438cf3d"
        }
    },
    "symfony/polyfill-mbstring": {
        "version": "v1.10.0"
    },
    "symfony/polyfill-php72": {
        "version": "v1.10.0"
    },
    "symfony/profiler-pack": {
        "version": "v1.0.4"
    },
    "symfony/routing": {
        "version": "4.2",
        "recipe": {
            "repo": "github.com/symfony/recipes",
            "branch": "master",
            "version": "4.2",
            "ref": "5374e24d508ba8fd6ba9eb15170255fdb778316a"
        }
    },
    "symfony/stopwatch": {
        "version": "v4.2.1"
    },
    "symfony/twig-bridge": {
        "version": "v4.2.1"
    },
    "symfony/twig-bundle": {
        "version": "3.3",
        "recipe": {
            "repo": "github.com/symfony/recipes",
            "branch": "master",
            "version": "3.3",
            "ref": "369b5b29dc52b2c190002825ae7ec24ab6f962dd"
        }
    },
    "symfony/var-dumper": {
        "version": "v4.2.1"
    },
    "symfony/var-exporter": {
        "version": "v4.2.1"
    },
    "symfony/web-profiler-bundle": {
        "version": "3.3",
        "recipe": {
            "repo": "github.com/symfony/recipes",
            "branch": "master",
            "version": "3.3",
            "ref": "6bdfa1a95f6b2e677ab985cd1af2eae35d62e0f6"
        }
    },
    "symfony/yaml": {
        "version": "v4.2.1"
    },
    "twig/twig": {
        "version": "v2.6.0"
    }
}
